dependencies:
- name: prometheus-operator
  repository: https://charts.helm.sh/stable
  version: 8.15.14
- name: prometheus-pushgateway
  repository: https://charts.helm.sh/stable
  version: 1.4.3
- name: loki-stack
  repository: https://grafana.github.io/loki/charts
  version: 0.37.4
digest: sha256:b3746e373b415458a20a5f50f7428f4d922d742267f8cc5e317294b8aae58ea3
generated: "2021-01-02T11:02:56.968164+03:00"
