dependencies:
- name: livy
  repository: file://../livy
  version: 0.1.1
- name: jupyter-sparkmagic
  repository: file://../jupyter-sparkmagic
  version: 0.1.1
- name: spark-history-server
  repository: https://kubernetes-charts.storage.googleapis.com
  version: 0.5.0
digest: sha256:95c8865a3a6eff3254107aab31e2c77c8ba419dcce514c161051152d10c8f503
generated: 2019-04-19T07:01:18.609788898-04:00
