dependencies:
- name: livy
  repository: file://../livy
  version: 2.0.0
- name: spark-history-server
  repository: https://kubernetes-charts.storage.googleapis.com
  version: 1.2.1
- name: jupyterhub
  repository: https://jupyterhub.github.io/helm-chart
  version: 0.9.1
digest: sha256:c5b52217617448179a91e30df896218c9de47892c912b449ef8f31bcc37149ab
generated: "2020-08-23T23:00:08.631279+03:00"
