dependencies:
- name: nginx-ingress
  repository: https://kubernetes-charts.storage.googleapis.com
  version: 1.6.0
- name: cert-manager
  repository: https://kubernetes-charts.storage.googleapis.com
  version: v0.6.6
- name: oauth2-proxy
  repository: https://kubernetes-charts.storage.googleapis.com
  version: 0.11.0
- name: cluster-autoscaler
  repository: https://kubernetes-charts.storage.googleapis.com
  version: 0.13.1
digest: sha256:7321f5ec70c7c2fc22e59babc2b7e4d13de6418a8028c6f79c34c8eb584c844e
generated: 2019-05-14T05:05:40.696664485-04:00
