dependencies:
- name: ingress-nginx
  repository: https://kubernetes.github.io/ingress-nginx
  version: 2.11.3
- name: cert-manager
  repository: https://charts.jetstack.io
  version: v0.15.2
- name: oauth2-proxy
  repository: https://charts.helm.sh/stable
  version: 3.2.5
- name: cluster-autoscaler
  repository: https://charts.helm.sh/stable
  version: 7.3.4
digest: sha256:f87dbe316c1783d689435ca63907b73c73e8de46b49da4540c87ae8ba213e4d5
generated: "2021-01-02T10:54:29.230115+03:00"
